
Microsoft Visual Studio Solution File, Format Version 12.00
# Visual Studio Version 16
VisualStudioVersion = 16.0.30204.135
MinimumVisualStudioVersion = 10.0.40219.1
Project("{FAE04EC0-301F-11D3-BF4B-00C04F79EFBC}") = "ClaroNet3.0.Android", "ClaroNet3.0\ClaroNet3.0.Android\ClaroNet3.0.Android.csproj", "{81CDE9C4-CACB-45C5-A8C0-B539E9176455}"
EndProject
Project("{FAE04EC0-301F-11D3-BF4B-00C04F79EFBC}") = "ClaroNet3.0", "ClaroNet3.0\ClaroNet3.0\ClaroNet3.0.csproj", "{2069B1BE-9DB3-446C-A4F3-CA04E6B2E459}"
EndProject
Global
	GlobalSection(SolutionConfigurationPlatforms) = preSolution
		Debug|Any CPU = Debug|Any CPU
		Release|Any CPU = Release|Any CPU
	EndGlobalSection
	GlobalSection(ProjectConfigurationPlatforms) = postSolution
		{81CDE9C4-CACB-45C5-A8C0-B539E9176455}.Debug|Any CPU.ActiveCfg = Debug|Any CPU
		{81CDE9C4-CACB-45C5-A8C0-B539E9176455}.Debug|Any CPU.Build.0 = Debug|Any CPU
		{81CDE9C4-CACB-45C5-A8C0-B539E9176455}.Debug|Any CPU.Deploy.0 = Debug|Any CPU
		{81CDE9C4-CACB-45C5-A8C0-B539E9176455}.Release|Any CPU.ActiveCfg = Release|Any CPU
		{81CDE9C4-CACB-45C5-A8C0-B539E9176455}.Release|Any CPU.Build.0 = Release|Any CPU
		{81CDE9C4-CACB-45C5-A8C0-B539E9176455}.Release|Any CPU.Deploy.0 = Release|Any CPU
		{2069B1BE-9DB3-446C-A4F3-CA04E6B2E459}.Debug|Any CPU.ActiveCfg = Debug|Any CPU
		{2069B1BE-9DB3-446C-A4F3-CA04E6B2E459}.Debug|Any CPU.Build.0 = Debug|Any CPU
		{2069B1BE-9DB3-446C-A4F3-CA04E6B2E459}.Debug|Any CPU.Deploy.0 = Debug|Any CPU
		{2069B1BE-9DB3-446C-A4F3-CA04E6B2E459}.Release|Any CPU.ActiveCfg = Release|Any CPU
		{2069B1BE-9DB3-446C-A4F3-CA04E6B2E459}.Release|Any CPU.Build.0 = Release|Any CPU
		{2069B1BE-9DB3-446C-A4F3-CA04E6B2E459}.Release|Any CPU.Deploy.0 = Release|Any CPU
	EndGlobalSection
	GlobalSection(SolutionProperties) = preSolution
		HideSolutionNode = FALSE
	EndGlobalSection
	GlobalSection(ExtensibilityGlobals) = postSolution
		SolutionGuid = {5D282C62-5047-4AAC-BAAC-196AEFC9AE4B}
	EndGlobalSection
EndGlobal
